{
  "originHash" : "2587fa173c0f15a04c0d3e895b4298dddfbf8d777eb775aae1991a2c1a158e6f",
  "pins" : [
    {
      "identity" : "factory",
      "kind" : "remoteSourceControl",
      "location" : "https://github.com/hmlongco/Factory.git",
      "state" : {
        "revision" : "cacafd638e8af1dac8abd6a4ab013d53983e2703",
        "version" : "3.2.1"
      }
    },
    {
      "identity" : "rxswift",
      "kind" : "remoteSourceControl",
      "location" : "https://github.com/ReactiveX/RxSwift.git",
      "state" : {
        "revision" : "132aea4f236ccadc51590b38af0357a331d51fa2",
        "version" : "6.10.2"
      }
    },
    {
      "identity" : "snapkit",
      "kind" : "remoteSourceControl",
      "location" : "https://github.com/SnapKit/SnapKit.git",
      "state" : {
        "revision" : "e27a338a03a5f388de759da63f9baf7988ed9e00",
        "version" : "6.0.0"
      }
    }
  ],
  "version" : 3
}
