// !$*UTF8*$!
{
	archiveVersion = 1;
	classes = {
	};
	objectVersion = 54;
	objects = {

/* Begin PBXBuildFile section */
		BF7ECFCE2FEE7C4700B44EDB /* RootCoordinator.swift in Sources */ = {isa = PBXBuildFile; fileRef = BF7ECFCD2FEE7C4400B44EDB /* RootCoordinator.swift */; };
		BF7ECFD22FEE7E3D00B44EDB /* RxSwift in Frameworks */ = {isa = PBXBuildFile; productRef = BF7ECFD12FEE7E3D00B44EDB /* RxSwift */; };
		BF7ED03F2FEE7F3900B44EDB /* FactoryKit in Frameworks */ = {isa = PBXBuildFile; productRef = BF7ED03E2FEE7F3900B44EDB /* FactoryKit */; };
		BF7ED0422FEE80D200B44EDB /* Container+mainScheduler.swift in Sources */ = {isa = PBXBuildFile; fileRef = BF7ED0412FEE80CA00B44EDB /* Container+mainScheduler.swift */; };
		E1070CA8203B219B009EECE4 /* Models.swift in Sources */ = {isa = PBXBuildFile; fileRef = E1070CA7203B219B009EECE4 /* Models.swift */; };
		E1088D4D2031E49300889B04 /* AppDelegate.swift in Sources */ = {isa = PBXBuildFile; fileRef = E1088D4C2031E49300889B04 /* AppDelegate.swift */; };
		E1088D542031E49300889B04 /* Assets.xcassets in Resources */ = {isa = PBXBuildFile; fileRef = E1088D532031E49300889B04 /* Assets.xcassets */; };
		E1088D572031E49300889B04 /* LaunchScreen.storyboard in Resources */ = {isa = PBXBuildFile; fileRef = E1088D552031E49300889B04 /* LaunchScreen.storyboard */; };
		E1088D622031E49300889B04 /* TrialTests.swift in Sources */ = {isa = PBXBuildFile; fileRef = E1088D612031E49300889B04 /* TrialTests.swift */; };
		E1088D6F2031E67A00889B04 /* TransactionsAPI.swift in Sources */ = {isa = PBXBuildFile; fileRef = E1088D6E2031E67A00889B04 /* TransactionsAPI.swift */; };
		E1088D722031F75600889B04 /* transactions.json in Resources */ = {isa = PBXBuildFile; fileRef = E1088D712031F75600889B04 /* transactions.json */; };
		E12ED191203A0FA400F39631 /* transactions.json in Resources */ = {isa = PBXBuildFile; fileRef = E1088D712031F75600889B04 /* transactions.json */; };
/* End PBXBuildFile section */

/* Begin PBXContainerItemProxy section */
		E1088D5E2031E49300889B04 /* PBXContainerItemProxy */ = {
			isa = PBXContainerItemProxy;
			containerPortal = E1088D412031E49300889B04 /* Project object */;
			proxyType = 1;
			remoteGlobalIDString = E1088D482031E49300889B04;
			remoteInfo = Trial;
		};
/* End PBXContainerItemProxy section */

/* Begin PBXFileReference section */
		BF7ECFCD2FEE7C4400B44EDB /* RootCoordinator.swift */ = {isa = PBXFileReference; lastKnownFileType = sourcecode.swift; path = RootCoordinator.swift; sourceTree = "<group>"; };
		BF7ED0412FEE80CA00B44EDB /* Container+mainScheduler.swift */ = {isa = PBXFileReference; lastKnownFileType = sourcecode.swift; path = "Container+mainScheduler.swift"; sourceTree = "<group>"; };
		E1070CA7203B219B009EECE4 /* Models.swift */ = {isa = PBXFileReference; lastKnownFileType = sourcecode.swift; path = Models.swift; sourceTree = "<group>"; };
		E1088D492031E49300889B04 /* Trial.app */ = {isa = PBXFileReference; explicitFileType = wrapper.application; includeInIndex = 0; path = Trial.app; sourceTree = BUILT_PRODUCTS_DIR; };
		E1088D4C2031E49300889B04 /* AppDelegate.swift */ = {isa = PBXFileReference; lastKnownFileType = sourcecode.swift; path = AppDelegate.swift; sourceTree = "<group>"; };
		E1088D532031E49300889B04 /* Assets.xcassets */ = {isa = PBXFileReference; lastKnownFileType = folder.assetcatalog; path = Assets.xcassets; sourceTree = "<group>"; };
		E1088D562031E49300889B04 /* Base */ = {isa = PBXFileReference; lastKnownFileType = file.storyboard; name = Base; path = Base.lproj/LaunchScreen.storyboard; sourceTree = "<group>"; };
		E1088D582031E49300889B04 /* Info.plist */ = {isa = PBXFileReference; lastKnownFileType = text.plist.xml; path = Info.plist; sourceTree = "<group>"; };
		E1088D5D2031E49300889B04 /* TrialTests.xctest */ = {isa = PBXFileReference; explicitFileType = wrapper.cfbundle; includeInIndex = 0; path = TrialTests.xctest; sourceTree = BUILT_PRODUCTS_DIR; };
		E1088D612031E49300889B04 /* TrialTests.swift */ = {isa = PBXFileReference; lastKnownFileType = sourcecode.swift; path = TrialTests.swift; sourceTree = "<group>"; };
		E1088D632031E49300889B04 /* Info.plist */ = {isa = PBXFileReference; lastKnownFileType = text.plist.xml; path = Info.plist; sourceTree = "<group>"; };
		E1088D6E2031E67A00889B04 /* TransactionsAPI.swift */ = {isa = PBXFileReference; lastKnownFileType = sourcecode.swift; path = TransactionsAPI.swift; sourceTree = "<group>"; };
		E1088D712031F75600889B04 /* transactions.json */ = {isa = PBXFileReference; fileEncoding = 4; lastKnownFileType = text.json; path = transactions.json; sourceTree = "<group>"; };
/* End PBXFileReference section */

/* Begin PBXFrameworksBuildPhase section */
		E1088D462031E49300889B04 /* Frameworks */ = {
			isa = PBXFrameworksBuildPhase;
			buildActionMask = 2147483647;
			files = (
				BF7ED03F2FEE7F3900B44EDB /* FactoryKit in Frameworks */,
				BF7ECFD22FEE7E3D00B44EDB /* RxSwift in Frameworks */,
			);
			runOnlyForDeploymentPostprocessing = 0;
		};
		E1088D5A2031E49300889B04 /* Frameworks */ = {
			isa = PBXFrameworksBuildPhase;
			buildActionMask = 2147483647;
			files = (
			);
			runOnlyForDeploymentPostprocessing = 0;
		};
/* End PBXFrameworksBuildPhase section */

/* Begin PBXGroup section */
		BF7ECFCB2FEE7B6200B44EDB /* TransactionsAPI */ = {
			isa = PBXGroup;
			children = (
				E1088D712031F75600889B04 /* transactions.json */,
				E1088D6E2031E67A00889B04 /* TransactionsAPI.swift */,
				E1070CA7203B219B009EECE4 /* Models.swift */,
			);
			path = TransactionsAPI;
			sourceTree = "<group>";
		};
		BF7ECFCC2FEE7C3500B44EDB /* RootFeature */ = {
			isa = PBXGroup;
			children = (
				BF7ECFCD2FEE7C4400B44EDB /* RootCoordinator.swift */,
			);
			path = RootFeature;
			sourceTree = "<group>";
		};
		BF7ECFD02FEE7E3D00B44EDB /* Frameworks */ = {
			isa = PBXGroup;
			children = (
			);
			name = Frameworks;
			sourceTree = "<group>";
		};
		BF7ED0402FEE80C200B44EDB /* Commons */ = {
			isa = PBXGroup;
			children = (
				BF7ED0412FEE80CA00B44EDB /* Container+mainScheduler.swift */,
			);
			path = Commons;
			sourceTree = "<group>";
		};
		E1088D402031E49300889B04 = {
			isa = PBXGroup;
			children = (
				E1088D4B2031E49300889B04 /* Trial */,
				E1088D602031E49300889B04 /* TrialTests */,
				BF7ECFD02FEE7E3D00B44EDB /* Frameworks */,
				E1088D4A2031E49300889B04 /* Products */,
			);
			sourceTree = "<group>";
		};
		E1088D4A2031E49300889B04 /* Products */ = {
			isa = PBXGroup;
			children = (
				E1088D492031E49300889B04 /* Trial.app */,
				E1088D5D2031E49300889B04 /* TrialTests.xctest */,
			);
			name = Products;
			sourceTree = "<group>";
		};
		E1088D4B2031E49300889B04 /* Trial */ = {
			isa = PBXGroup;
			children = (
				E1088D4C2031E49300889B04 /* AppDelegate.swift */,
				E1088D552031E49300889B04 /* LaunchScreen.storyboard */,
				E1088D532031E49300889B04 /* Assets.xcassets */,
				E1088D582031E49300889B04 /* Info.plist */,
				BF7ED0402FEE80C200B44EDB /* Commons */,
				BF7ECFCC2FEE7C3500B44EDB /* RootFeature */,
				BF7ECFCB2FEE7B6200B44EDB /* TransactionsAPI */,
			);
			path = Trial;
			sourceTree = "<group>";
		};
		E1088D602031E49300889B04 /* TrialTests */ = {
			isa = PBXGroup;
			children = (
				E1088D612031E49300889B04 /* TrialTests.swift */,
				E1088D632031E49300889B04 /* Info.plist */,
			);
			path = TrialTests;
			sourceTree = "<group>";
		};
/* End PBXGroup section */

/* Begin PBXNativeTarget section */
		E1088D482031E49300889B04 /* Trial */ = {
			isa = PBXNativeTarget;
			buildConfigurationList = E1088D662031E49300889B04 /* Build configuration list for PBXNativeTarget "Trial" */;
			buildPhases = (
				E1088D452031E49300889B04 /* Sources */,
				E1088D462031E49300889B04 /* Frameworks */,
				E1088D472031E49300889B04 /* Resources */,
			);
			buildRules = (
			);
			dependencies = (
			);
			name = Trial;
			productName = Trial;
			productReference = E1088D492031E49300889B04 /* Trial.app */;
			productType = "com.apple.product-type.application";
		};
		E1088D5C2031E49300889B04 /* TrialTests */ = {
			isa = PBXNativeTarget;
			buildConfigurationList = E1088D692031E49300889B04 /* Build configuration list for PBXNativeTarget "TrialTests" */;
			buildPhases = (
				E1088D592031E49300889B04 /* Sources */,
				E1088D5A2031E49300889B04 /* Frameworks */,
				E1088D5B2031E49300889B04 /* Resources */,
			);
			buildRules = (
			);
			dependencies = (
				E1088D5F2031E49300889B04 /* PBXTargetDependency */,
			);
			name = TrialTests;
			productName = TrialTests;
			productReference = E1088D5D2031E49300889B04 /* TrialTests.xctest */;
			productType = "com.apple.product-type.bundle.unit-test";
		};
/* End PBXNativeTarget section */

/* Begin PBXProject section */
		E1088D412031E49300889B04 /* Project object */ = {
			isa = PBXProject;
			attributes = {
				LastSwiftUpdateCheck = 0920;
				LastUpgradeCheck = 1250;
				ORGANIZATIONNAME = "BeeOne Gmbh";
				TargetAttributes = {
					E1088D482031E49300889B04 = {
						CreatedOnToolsVersion = 9.2;
						LastSwiftMigration = 1020;
						ProvisioningStyle = Automatic;
					};
					E1088D5C2031E49300889B04 = {
						CreatedOnToolsVersion = 9.2;
						LastSwiftMigration = 1020;
						ProvisioningStyle = Automatic;
						TestTargetID = E1088D482031E49300889B04;
					};
				};
			};
			buildConfigurationList = E1088D442031E49300889B04 /* Build configuration list for PBXProject "Trial" */;
			compatibilityVersion = "Xcode 8.0";
			developmentRegion = en;
			hasScannedForEncodings = 0;
			knownRegions = (
				en,
				Base,
			);
			mainGroup = E1088D402031E49300889B04;
			packageReferences = (
				BF7ECFCF2FEE7CC000B44EDB /* XCRemoteSwiftPackageReference "RxSwift" */,
				BF7ED03D2FEE7F2600B44EDB /* XCRemoteSwiftPackageReference "Factory" */,
			);
			productRefGroup = E1088D4A2031E49300889B04 /* Products */;
			projectDirPath = "";
			projectRoot = "";
			targets = (
				E1088D482031E49300889B04 /* Trial */,
				E1088D5C2031E49300889B04 /* TrialTests */,
			);
		};
/* End PBXProject section */

/* Begin PBXResourcesBuildPhase section */
		E1088D472031E49300889B04 /* Resources */ = {
			isa = PBXResourcesBuildPhase;
			buildActionMask = 2147483647;
			files = (
				E1088D572031E49300889B04 /* LaunchScreen.storyboard in Resources */,
				E1088D542031E49300889B04 /* Assets.xcassets in Resources */,
				E1088D722031F75600889B04 /* transactions.json in Resources */,
			);
			runOnlyForDeploymentPostprocessing = 0;
		};
		E1088D5B2031E49300889B04 /* Resources */ = {
			isa = PBXResourcesBuildPhase;
			buildActionMask = 2147483647;
			files = (
				E12ED191203A0FA400F39631 /* transactions.json in Resources */,
			);
			runOnlyForDeploymentPostprocessing = 0;
		};
/* End PBXResourcesBuildPhase section */

/* Begin PBXSourcesBuildPhase section */
		E1088D452031E49300889B04 /* Sources */ = {
			isa = PBXSourcesBuildPhase;
			buildActionMask = 2147483647;
			files = (
				BF7ECFCE2FEE7C4700B44EDB /* RootCoordinator.swift in Sources */,
				E1088D4D2031E49300889B04 /* AppDelegate.swift in Sources */,
				E1088D6F2031E67A00889B04 /* TransactionsAPI.swift in Sources */,
				BF7ED0422FEE80D200B44EDB /* Container+mainScheduler.swift in Sources */,
				E1070CA8203B219B009EECE4 /* Models.swift in Sources */,
			);
			runOnlyForDeploymentPostprocessing = 0;
		};
		E1088D592031E49300889B04 /* Sources */ = {
			isa = PBXSourcesBuildPhase;
			buildActionMask = 2147483647;
			files = (
				E1088D622031E49300889B04 /* TrialTests.swift in Sources */,
			);
			runOnlyForDeploymentPostprocessing = 0;
		};
/* End PBXSourcesBuildPhase section */

/* Begin PBXTargetDependency section */
		E1088D5F2031E49300889B04 /* PBXTargetDependency */ = {
			isa = PBXTargetDependency;
			target = E1088D482031E49300889B04 /* Trial */;
			targetProxy = E1088D5E2031E49300889B04 /* PBXContainerItemProxy */;
		};
/* End PBXTargetDependency section */

/* Begin PBXVariantGroup section */
		E1088D552031E49300889B04 /* LaunchScreen.storyboard */ = {
			isa = PBXVariantGroup;
			children = (
				E1088D562031E49300889B04 /* Base */,
			);
			name = LaunchScreen.storyboard;
			sourceTree = "<group>";
		};
/* End PBXVariantGroup section */

/* Begin XCBuildConfiguration section */
		E1088D642031E49300889B04 /* Debug */ = {
			isa = XCBuildConfiguration;
			buildSettings = {
				ALWAYS_SEARCH_USER_PATHS = NO;
				CLANG_ANALYZER_NONNULL = YES;
				CLANG_ANALYZER_NUMBER_OBJECT_CONVERSION = YES_AGGRESSIVE;
				CLANG_CXX_LANGUAGE_STANDARD = "gnu++14";
				CLANG_CXX_LIBRARY = "libc++";
				CLANG_ENABLE_MODULES = YES;
				CLANG_ENABLE_OBJC_ARC = YES;
				CLANG_WARN_BLOCK_CAPTURE_AUTORELEASING = YES;
				CLANG_WARN_BOOL_CONVERSION = YES;
				CLANG_WARN_COMMA = YES;
				CLANG_WARN_CONSTANT_CONVERSION = YES;
				CLANG_WARN_DEPRECATED_OBJC_IMPLEMENTATIONS = YES;
				CLANG_WARN_DIRECT_OBJC_ISA_USAGE = YES_ERROR;
				CLANG_WARN_DOCUMENTATION_COMMENTS = YES;
				CLANG_WARN_EMPTY_BODY = YES;
				CLANG_WARN_ENUM_CONVERSION = YES;
				CLANG_WARN_INFINITE_RECURSION = YES;
				CLANG_WARN_INT_CONVERSION = YES;
				CLANG_WARN_NON_LITERAL_NULL_CONVERSION = YES;
				CLANG_WARN_OBJC_IMPLICIT_RETAIN_SELF = YES;
				CLANG_WARN_OBJC_LITERAL_CONVERSION = YES;
				CLANG_WARN_OBJC_ROOT_CLASS = YES_ERROR;
				CLANG_WARN_QUOTED_INCLUDE_IN_FRAMEWORK_HEADER = YES;
				CLANG_WARN_RANGE_LOOP_ANALYSIS = YES;
				CLANG_WARN_STRICT_PROTOTYPES = YES;
				CLANG_WARN_SUSPICIOUS_MOVE = YES;
				CLANG_WARN_UNGUARDED_AVAILABILITY = YES_AGGRESSIVE;
				CLANG_WARN_UNREACHABLE_CODE = YES;
				CLANG_WARN__DUPLICATE_METHOD_MATCH = YES;
				CODE_SIGN_IDENTITY = "iPhone Developer";
				COPY_PHASE_STRIP = NO;
				DEBUG_INFORMATION_FORMAT = dwarf;
				ENABLE_STRICT_OBJC_MSGSEND = YES;
				ENABLE_TESTABILITY = YES;
				GCC_C_LANGUAGE_STANDARD = gnu11;
				GCC_DYNAMIC_NO_PIC = NO;
				GCC_NO_COMMON_BLOCKS = YES;
				GCC_OPTIMIZATION_LEVEL = 0;
				GCC_PREPROCESSOR_DEFINITIONS = (
					"DEBUG=1",
					"$(inherited)",
				);
				GCC_WARN_64_TO_32_BIT_CONVERSION = YES;
				GCC_WARN_ABOUT_RETURN_TYPE = YES_ERROR;
				GCC_WARN_UNDECLARED_SELECTOR = YES;
				GCC_WARN_UNINITIALIZED_AUTOS = YES_AGGRESSIVE;
				GCC_WARN_UNUSED_FUNCTION = YES;
				GCC_WARN_UNUSED_VARIABLE = YES;
				IPHONEOS_DEPLOYMENT_TARGET = 14.0;
				MTL_ENABLE_DEBUG_INFO = YES;
				ONLY_ACTIVE_ARCH = YES;
				SDKROOT = iphoneos;
				SWIFT_ACTIVE_COMPILATION_CONDITIONS = DEBUG;
				SWIFT_OPTIMIZATION_LEVEL = "-Onone";
			};
			name = Debug;
		};
		E1088D652031E49300889B04 /* Release */ = {
			isa = XCBuildConfiguration;
			buildSettings = {
				ALWAYS_SEARCH_USER_PATHS = NO;
				CLANG_ANALYZER_NONNULL = YES;
				CLANG_ANALYZER_NUMBER_OBJECT_CONVERSION = YES_AGGRESSIVE;
				CLANG_CXX_LANGUAGE_STANDARD = "gnu++14";
				CLANG_CXX_LIBRARY = "libc++";
				CLANG_ENABLE_MODULES = YES;
				CLANG_ENABLE_OBJC_ARC = YES;
				CLANG_WARN_BLOCK_CAPTURE_AUTORELEASING = YES;
				CLANG_WARN_BOOL_CONVERSION = YES;
				CLANG_WARN_COMMA = YES;
				CLANG_WARN_CONSTANT_CONVERSION = YES;
				CLANG_WARN_DEPRECATED_OBJC_IMPLEMENTATIONS = YES;
				CLANG_WARN_DIRECT_OBJC_ISA_USAGE = YES_ERROR;
				CLANG_WARN_DOCUMENTATION_COMMENTS = YES;
				CLANG_WARN_EMPTY_BODY = YES;
				CLANG_WARN_ENUM_CONVERSION = YES;
				CLANG_WARN_INFINITE_RECURSION = YES;
				CLANG_WARN_INT_CONVERSION = YES;
				CLANG_WARN_NON_LITERAL_NULL_CONVERSION = YES;
				CLANG_WARN_OBJC_IMPLICIT_RETAIN_SELF = YES;
				CLANG_WARN_OBJC_LITERAL_CONVERSION = YES;
				CLANG_WARN_OBJC_ROOT_CLASS = YES_ERROR;
				CLANG_WARN_QUOTED_INCLUDE_IN_FRAMEWORK_HEADER = YES;
				CLANG_WARN_RANGE_LOOP_ANALYSIS = YES;
				CLANG_WARN_STRICT_PROTOTYPES = YES;
				CLANG_WARN_SUSPICIOUS_MOVE = YES;
				CLANG_WARN_UNGUARDED_AVAILABILITY = YES_AGGRESSIVE;
				CLANG_WARN_UNREACHABLE_CODE = YES;
				CLANG_WARN__DUPLICATE_METHOD_MATCH = YES;
				CODE_SIGN_IDENTITY = "iPhone Developer";
				COPY_PHASE_STRIP = NO;
				DEBUG_INFORMATION_FORMAT = "dwarf-with-dsym";
				ENABLE_NS_ASSERTIONS = NO;
				ENABLE_STRICT_OBJC_MSGSEND = YES;
				GCC_C_LANGUAGE_STANDARD = gnu11;
				GCC_NO_COMMON_BLOCKS = YES;
				GCC_WARN_64_TO_32_BIT_CONVERSION = YES;
				GCC_WARN_ABOUT_RETURN_TYPE = YES_ERROR;
				GCC_WARN_UNDECLARED_SELECTOR = YES;
				GCC_WARN_UNINITIALIZED_AUTOS = YES_AGGRESSIVE;
				GCC_WARN_UNUSED_FUNCTION = YES;
				GCC_WARN_UNUSED_VARIABLE = YES;
				IPHONEOS_DEPLOYMENT_TARGET = 14.0;
				MTL_ENABLE_DEBUG_INFO = NO;
				SDKROOT = iphoneos;
				SWIFT_COMPILATION_MODE = wholemodule;
				SWIFT_OPTIMIZATION_LEVEL = "-O";
				VALIDATE_PRODUCT = YES;
			};
			name = Release;
		};
		E1088D672031E49300889B04 /* Debug */ = {
			isa = XCBuildConfiguration;
			buildSettings = {
				ASSETCATALOG_COMPILER_APPICON_NAME = AppIcon;
				CODE_SIGN_STYLE = Automatic;
				DEVELOPMENT_TEAM = LRA2GZ8MU6;
				INFOPLIST_FILE = Trial/Info.plist;
				IPHONEOS_DEPLOYMENT_TARGET = 15.0;
				LD_RUNPATH_SEARCH_PATHS = (
					"$(inherited)",
					"@executable_path/Frameworks",
				);
				PRODUCT_BUNDLE_IDENTIFIER = at.beeone.Trial;
				PRODUCT_NAME = "$(TARGET_NAME)";
				SWIFT_VERSION = 5.0;
				TARGETED_DEVICE_FAMILY = "1,2";
			};
			name = Debug;
		};
		E1088D682031E49300889B04 /* Release */ = {
			isa = XCBuildConfiguration;
			buildSettings = {
				ASSETCATALOG_COMPILER_APPICON_NAME = AppIcon;
				CODE_SIGN_STYLE = Automatic;
				DEVELOPMENT_TEAM = LRA2GZ8MU6;
				INFOPLIST_FILE = Trial/Info.plist;
				IPHONEOS_DEPLOYMENT_TARGET = 15.0;
				LD_RUNPATH_SEARCH_PATHS = (
					"$(inherited)",
					"@executable_path/Frameworks",
				);
				PRODUCT_BUNDLE_IDENTIFIER = at.beeone.Trial;
				PRODUCT_NAME = "$(TARGET_NAME)";
				SWIFT_VERSION = 5.0;
				TARGETED_DEVICE_FAMILY = "1,2";
			};
			name = Release;
		};
		E1088D6A2031E49300889B04 /* Debug */ = {
			isa = XCBuildConfiguration;
			buildSettings = {
				ALWAYS_EMBED_SWIFT_STANDARD_LIBRARIES = YES;
				BUNDLE_LOADER = "$(TEST_HOST)";
				CODE_SIGN_STYLE = Automatic;
				DEVELOPMENT_TEAM = LRA2GZ8MU6;
				INFOPLIST_FILE = TrialTests/Info.plist;
				IPHONEOS_DEPLOYMENT_TARGET = 15.0;
				LD_RUNPATH_SEARCH_PATHS = (
					"$(inherited)",
					"@executable_path/Frameworks",
					"@loader_path/Frameworks",
				);
				PRODUCT_BUNDLE_IDENTIFIER = at.beeone.TrialTests;
				PRODUCT_NAME = "$(TARGET_NAME)";
				SWIFT_VERSION = 5.0;
				TARGETED_DEVICE_FAMILY = "1,2";
				TEST_HOST = "$(BUILT_PRODUCTS_DIR)/Trial.app/Trial";
			};
			name = Debug;
		};
		E1088D6B2031E49300889B04 /* Release */ = {
			isa = XCBuildConfiguration;
			buildSettings = {
				ALWAYS_EMBED_SWIFT_STANDARD_LIBRARIES = YES;
				BUNDLE_LOADER = "$(TEST_HOST)";
				CODE_SIGN_STYLE = Automatic;
				DEVELOPMENT_TEAM = LRA2GZ8MU6;
				INFOPLIST_FILE = TrialTests/Info.plist;
				IPHONEOS_DEPLOYMENT_TARGET = 15.0;
				LD_RUNPATH_SEARCH_PATHS = (
					"$(inherited)",
					"@executable_path/Frameworks",
					"@loader_path/Frameworks",
				);
				PRODUCT_BUNDLE_IDENTIFIER = at.beeone.TrialTests;
				PRODUCT_NAME = "$(TARGET_NAME)";
				SWIFT_VERSION = 5.0;
				TARGETED_DEVICE_FAMILY = "1,2";
				TEST_HOST = "$(BUILT_PRODUCTS_DIR)/Trial.app/Trial";
			};
			name = Release;
		};
/* End XCBuildConfiguration section */

/* Begin XCConfigurationList section */
		E1088D442031E49300889B04 /* Build configuration list for PBXProject "Trial" */ = {
			isa = XCConfigurationList;
			buildConfigurations = (
				E1088D642031E49300889B04 /* Debug */,
				E1088D652031E49300889B04 /* Release */,
			);
			defaultConfigurationIsVisible = 0;
			defaultConfigurationName = Release;
		};
		E1088D662031E49300889B04 /* Build configuration list for PBXNativeTarget "Trial" */ = {
			isa = XCConfigurationList;
			buildConfigurations = (
				E1088D672031E49300889B04 /* Debug */,
				E1088D682031E49300889B04 /* Release */,
			);
			defaultConfigurationIsVisible = 0;
			defaultConfigurationName = Release;
		};
		E1088D692031E49300889B04 /* Build configuration list for PBXNativeTarget "TrialTests" */ = {
			isa = XCConfigurationList;
			buildConfigurations = (
				E1088D6A2031E49300889B04 /* Debug */,
				E1088D6B2031E49300889B04 /* Release */,
			);
			defaultConfigurationIsVisible = 0;
			defaultConfigurationName = Release;
		};
/* End XCConfigurationList section */

/* Begin XCRemoteSwiftPackageReference section */
		BF7ECFCF2FEE7CC000B44EDB /* XCRemoteSwiftPackageReference "RxSwift" */ = {
			isa = XCRemoteSwiftPackageReference;
			repositoryURL = "https://github.com/ReactiveX/RxSwift.git";
			requirement = {
				kind = upToNextMajorVersion;
				minimumVersion = 6.10.2;
			};
		};
		BF7ED03D2FEE7F2600B44EDB /* XCRemoteSwiftPackageReference "Factory" */ = {
			isa = XCRemoteSwiftPackageReference;
			repositoryURL = "https://github.com/hmlongco/Factory.git";
			requirement = {
				kind = upToNextMajorVersion;
				minimumVersion = 3.2.1;
			};
		};
/* End XCRemoteSwiftPackageReference section */

/* Begin XCSwiftPackageProductDependency section */
		BF7ECFD12FEE7E3D00B44EDB /* RxSwift */ = {
			isa = XCSwiftPackageProductDependency;
			package = BF7ECFCF2FEE7CC000B44EDB /* XCRemoteSwiftPackageReference "RxSwift" */;
			productName = RxSwift;
		};
		BF7ED03E2FEE7F3900B44EDB /* FactoryKit */ = {
			isa = XCSwiftPackageProductDependency;
			package = BF7ED03D2FEE7F2600B44EDB /* XCRemoteSwiftPackageReference "Factory" */;
			productName = FactoryKit;
		};
/* End XCSwiftPackageProductDependency section */
	};
	rootObject = E1088D412031E49300889B04 /* Project object */;
}
